
Microsoft Visual Studio Solution File, Format Version 12.00
# Visual Studio 15
VisualStudioVersion = 15.0.28307.1145
MinimumVisualStudioVersion = 10.0.40219.1
Project("{FAE04EC0-301F-11D3-BF4B-00C04F79EFBC}") = "XAMLScreens", "XAMLScreens\XAMLScreens.csproj", "{CAC52EFD-9B57-4E11-BCD4-0A82D930B0D6}"
EndProject
Global
	GlobalSection(SolutionConfigurationPlatforms) = preSolution
		Debug|Any CPU = Debug|Any CPU
		Release|Any CPU = Release|Any CPU
	EndGlobalSection
	GlobalSection(ProjectConfigurationPlatforms) = postSolution
		{CAC52EFD-9B57-4E11-BCD4-0A82D930B0D6}.Debug|Any CPU.ActiveCfg = Debug|Any CPU
		{CAC52EFD-9B57-4E11-BCD4-0A82D930B0D6}.Debug|Any CPU.Build.0 = Debug|Any CPU
		{CAC52EFD-9B57-4E11-BCD4-0A82D930B0D6}.Release|Any CPU.ActiveCfg = Release|Any CPU
		{CAC52EFD-9B57-4E11-BCD4-0A82D930B0D6}.Release|Any CPU.Build.0 = Release|Any CPU
	EndGlobalSection
	GlobalSection(SolutionProperties) = preSolution
		HideSolutionNode = FALSE
	EndGlobalSection
	GlobalSection(ExtensibilityGlobals) = postSolution
		SolutionGuid = {EF0B7645-A79D-488E-9F36-3AD43AECFEB5}
	EndGlobalSection
EndGlobal
